
Microsoft Visual Studio Solution File, Format Version 12.00
# Visual Studio Version 16
VisualStudioVersion = 16.0.29215.179
MinimumVisualStudioVersion = 10.0.40219.1
Project("{FAE04EC0-301F-11D3-BF4B-00C04F79EFBC}") = "Space Shooters", "Space Shooters\Space Shooters.csproj", "{DC72B037-E494-4FDD-A989-C99912496071}"
EndProject
Global
	GlobalSection(SolutionConfigurationPlatforms) = preSolution
		Debug|Any CPU = Debug|Any CPU
		Release|Any CPU = Release|Any CPU
	EndGlobalSection
	GlobalSection(ProjectConfigurationPlatforms) = postSolution
		{DC72B037-E494-4FDD-A989-C99912496071}.Debug|Any CPU.ActiveCfg = Debug|Any CPU
		{DC72B037-E494-4FDD-A989-C99912496071}.Debug|Any CPU.Build.0 = Debug|Any CPU
		{DC72B037-E494-4FDD-A989-C99912496071}.Release|Any CPU.ActiveCfg = Release|Any CPU
		{DC72B037-E494-4FDD-A989-C99912496071}.Release|Any CPU.Build.0 = Release|Any CPU
	EndGlobalSection
	GlobalSection(SolutionProperties) = preSolution
		HideSolutionNode = FALSE
	EndGlobalSection
	GlobalSection(ExtensibilityGlobals) = postSolution
		SolutionGuid = {7C250748-FF38-48AF-8891-E07FEF1655B0}
	EndGlobalSection
EndGlobal
